{
  "originHash" : "a9f8e104bc5dfdbe6396893acbf0f2e5e1ec3d4bf3d3fb15694edb3bdf7e1b09",
  "pins" : [
    {
      "identity" : "axswift",
      "kind" : "remoteSourceControl",
      "location" : "https://github.com/tisfeng/AXSwift.git",
      "state" : {
        "revision" : "d737b605c99f6e0f6a21448d0836110bd15b7710",
        "version" : "0.3.7"
      }
    },
    {
      "identity" : "fluidaudio",
      "kind" : "remoteSourceControl",
      "location" : "https://github.com/FluidInference/FluidAudio",
      "state" : {
        "branch" : "main",
        "revision" : "80fec6feef7237928476704259f2db54c1893138"
      }
    },
    {
      "identity" : "keyboardshortcuts",
      "kind" : "remoteSourceControl",
      "location" : "https://github.com/sindresorhus/KeyboardShortcuts",
      "state" : {
        "revision" : "1aef85578fdd4f9eaeeb8d53b7b4fc31bf08fe27",
        "version" : "2.4.0"
      }
    },
    {
      "identity" : "keysender",
      "kind" : "remoteSourceControl",
      "location" : "https://github.com/jordanbaird/KeySender",
      "state" : {
        "revision" : "99584bf1a03ab600cc44be89a2dcd98b2dbeb9de",
        "version" : "0.0.5"
      }
    },
    {
      "identity" : "launchatlogin-modern",
      "kind" : "remoteSourceControl",
      "location" : "https://github.com/sindresorhus/LaunchAtLogin-Modern",
      "state" : {
        "branch" : "main",
        "revision" : "a04ec1c363be3627734f6dad757d82f5d4fa8fcc"
      }
    },
    {
      "identity" : "mediaremote-adapter",
      "kind" : "remoteSourceControl",
      "location" : "https://github.com/ejbills/mediaremote-adapter",
      "state" : {
        "branch" : "master",
        "revision" : "979bd77540b7f1389d294cc49e8bb2aa9675ed6b"
      }
    },
    {
      "identity" : "selectedtextkit",
      "kind" : "remoteSourceControl",
      "location" : "https://github.com/tisfeng/SelectedTextKit",
      "state" : {
        "revision" : "17cdf1aa7093def4ea343cbecda1aa24dd32969c",
        "version" : "2.6.4"
      }
    },
    {
      "identity" : "sparkle",
      "kind" : "remoteSourceControl",
      "location" : "https://github.com/sparkle-project/Sparkle",
      "state" : {
        "revision" : "5581748cef2bae787496fe6d61139aebe0a451f6",
        "version" : "2.8.1"
      }
    },
    {
      "identity" : "swift-atomics",
      "kind" : "remoteSourceControl",
      "location" : "https://github.com/apple/swift-atomics.git",
      "state" : {
        "revision" : "b601256eab081c0f92f059e12818ac1d4f178ff7",
        "version" : "1.3.0"
      }
    },
    {
      "identity" : "swift-collections",
      "kind" : "remoteSourceControl",
      "location" : "https://github.com/apple/swift-collections.git",
      "state" : {
        "revision" : "7b847a3b7008b2dc2f47ca3110d8c782fb2e5c7e",
        "version" : "1.3.0"
      }
    },
    {
      "identity" : "swift-jinja",
      "kind" : "remoteSourceControl",
      "location" : "https://github.com/huggingface/swift-jinja.git",
      "state" : {
        "revision" : "d81197f35f41445bc10e94600795e68c6f5e94b0",
        "version" : "2.3.1"
      }
    },
    {
      "identity" : "swift-transformers",
      "kind" : "remoteSourceControl",
      "location" : "https://github.com/huggingface/swift-transformers",
      "state" : {
        "revision" : "573e5c9036c2f136b3a8a071da8e8907322403d0",
        "version" : "1.1.6"
      }
    },
    {
      "identity" : "zip",
      "kind" : "remoteSourceControl",
      "location" : "https://github.com/marmelroy/Zip",
      "state" : {
        "revision" : "67fa55813b9e7b3b9acee9c0ae501def28746d76",
        "version" : "2.1.2"
      }
    }
  ],
  "version" : 3
}
